
Microsoft Visual Studio Solution File, Format Version 12.00
# Visual Studio Version 17
VisualStudioVersion = 17.11.35222.181
MinimumVisualStudioVersion = 10.0.40219.1
Project("{8BC9CEB8-8B4A-11D0-8D11-00A0C91BC942}") = "1", "1.1\1.1.vcxproj", "{E12C7048-1E04-4CBB-847F-A88D069DF807}"
EndProject
Project("{8BC9CEB8-8B4A-11D0-8D11-00A0C91BC942}") = "2", "2\2.vcxproj", "{11DF05E2-7719-4716-B696-20D6883DA726}"
EndProject
Project("{8BC9CEB8-8B4A-11D0-8D11-00A0C91BC942}") = "3", "3\3.vcxproj", "{D78D1DA4-8B92-49C6-A8C0-E444702C07D8}"
EndProject
Project("{8BC9CEB8-8B4A-11D0-8D11-00A0C91BC942}") = "4.1", "4.1\4.1.vcxproj", "{B18D902E-0BA2-4491-8775-29D03C53270F}"
EndProject
Project("{8BC9CEB8-8B4A-11D0-8D11-00A0C91BC942}") = "4.2", "4.2\4.2.vcxproj", "{AE3C6FB5-ECCF-4F70-91C5-1156A325845D}"
EndProject
Project("{8BC9CEB8-8B4A-11D0-8D11-00A0C91BC942}") = "5", "5\5.vcxproj", "{265F3F75-99C2-4B5F-9E33-5DD94D39FDE8}"
EndProject
Global
	GlobalSection(SolutionConfigurationPlatforms) = preSolution
		Debug|x64 = Debug|x64
		Debug|x86 = Debug|x86
		Release|x64 = Release|x64
		Release|x86 = Release|x86
	EndGlobalSection
	GlobalSection(ProjectConfigurationPlatforms) = postSolution
		{E12C7048-1E04-4CBB-847F-A88D069DF807}.Debug|x64.ActiveCfg = Debug|x64
		{E12C7048-1E04-4CBB-847F-A88D069DF807}.Debug|x64.Build.0 = Debug|x64
		{E12C7048-1E04-4CBB-847F-A88D069DF807}.Debug|x86.ActiveCfg = Debug|Win32
		{E12C7048-1E04-4CBB-847F-A88D069DF807}.Debug|x86.Build.0 = Debug|Win32
		{E12C7048-1E04-4CBB-847F-A88D069DF807}.Release|x64.ActiveCfg = Release|x64
		{E12C7048-1E04-4CBB-847F-A88D069DF807}.Release|x64.Build.0 = Release|x64
		{E12C7048-1E04-4CBB-847F-A88D069DF807}.Release|x86.ActiveCfg = Release|Win32
		{E12C7048-1E04-4CBB-847F-A88D069DF807}.Release|x86.Build.0 = Release|Win32
		{11DF05E2-7719-4716-B696-20D6883DA726}.Debug|x64.ActiveCfg = Debug|x64
		{11DF05E2-7719-4716-B696-20D6883DA726}.Debug|x64.Build.0 = Debug|x64
		{11DF05E2-7719-4716-B696-20D6883DA726}.Debug|x86.ActiveCfg = Debug|Win32
		{11DF05E2-7719-4716-B696-20D6883DA726}.Debug|x86.Build.0 = Debug|Win32
		{11DF05E2-7719-4716-B696-20D6883DA726}.Release|x64.ActiveCfg = Release|x64
		{11DF05E2-7719-4716-B696-20D6883DA726}.Release|x64.Build.0 = Release|x64
		{11DF05E2-7719-4716-B696-20D6883DA726}.Release|x86.ActiveCfg = Release|Win32
		{11DF05E2-7719-4716-B696-20D6883DA726}.Release|x86.Build.0 = Release|Win32
		{D78D1DA4-8B92-49C6-A8C0-E444702C07D8}.Debug|x64.ActiveCfg = Debug|x64
		{D78D1DA4-8B92-49C6-A8C0-E444702C07D8}.Debug|x64.Build.0 = Debug|x64
		{D78D1DA4-8B92-49C6-A8C0-E444702C07D8}.Debug|x86.ActiveCfg = Debug|Win32
		{D78D1DA4-8B92-49C6-A8C0-E444702C07D8}.Debug|x86.Build.0 = Debug|Win32
		{D78D1DA4-8B92-49C6-A8C0-E444702C07D8}.Release|x64.ActiveCfg = Release|x64
		{D78D1DA4-8B92-49C6-A8C0-E444702C07D8}.Release|x64.Build.0 = Release|x64
		{D78D1DA4-8B92-49C6-A8C0-E444702C07D8}.Release|x86.ActiveCfg = Release|Win32
		{D78D1DA4-8B92-49C6-A8C0-E444702C07D8}.Release|x86.Build.0 = Release|Win32
		{B18D902E-0BA2-4491-8775-29D03C53270F}.Debug|x64.ActiveCfg = Debug|x64
		{B18D902E-0BA2-4491-8775-29D03C53270F}.Debug|x64.Build.0 = Debug|x64
		{B18D902E-0BA2-4491-8775-29D03C53270F}.Debug|x86.ActiveCfg = Debug|Win32
		{B18D902E-0BA2-4491-8775-29D03C53270F}.Debug|x86.Build.0 = Debug|Win32
		{B18D902E-0BA2-4491-8775-29D03C53270F}.Release|x64.ActiveCfg = Release|x64
		{B18D902E-0BA2-4491-8775-29D03C53270F}.Release|x64.Build.0 = Release|x64
		{B18D902E-0BA2-4491-8775-29D03C53270F}.Release|x86.ActiveCfg = Release|Win32
		{B18D902E-0BA2-4491-8775-29D03C53270F}.Release|x86.Build.0 = Release|Win32
		{AE3C6FB5-ECCF-4F70-91C5-1156A325845D}.Debug|x64.ActiveCfg = Debug|x64
		{AE3C6FB5-ECCF-4F70-91C5-1156A325845D}.Debug|x64.Build.0 = Debug|x64
		{AE3C6FB5-ECCF-4F70-91C5-1156A325845D}.Debug|x86.ActiveCfg = Debug|Win32
		{AE3C6FB5-ECCF-4F70-91C5-1156A325845D}.Debug|x86.Build.0 = Debug|Win32
		{AE3C6FB5-ECCF-4F70-91C5-1156A325845D}.Release|x64.ActiveCfg = Release|x64
		{AE3C6FB5-ECCF-4F70-91C5-1156A325845D}.Release|x64.Build.0 = Release|x64
		{AE3C6FB5-ECCF-4F70-91C5-1156A325845D}.Release|x86.ActiveCfg = Release|Win32
		{AE3C6FB5-ECCF-4F70-91C5-1156A325845D}.Release|x86.Build.0 = Release|Win32
		{265F3F75-99C2-4B5F-9E33-5DD94D39FDE8}.Debug|x64.ActiveCfg = Debug|x64
		{265F3F75-99C2-4B5F-9E33-5DD94D39FDE8}.Debug|x64.Build.0 = Debug|x64
		{265F3F75-99C2-4B5F-9E33-5DD94D39FDE8}.Debug|x86.ActiveCfg = Debug|Win32
		{265F3F75-99C2-4B5F-9E33-5DD94D39FDE8}.Debug|x86.Build.0 = Debug|Win32
		{265F3F75-99C2-4B5F-9E33-5DD94D39FDE8}.Release|x64.ActiveCfg = Release|x64
		{265F3F75-99C2-4B5F-9E33-5DD94D39FDE8}.Release|x64.Build.0 = Release|x64
		{265F3F75-99C2-4B5F-9E33-5DD94D39FDE8}.Release|x86.ActiveCfg = Release|Win32
		{265F3F75-99C2-4B5F-9E33-5DD94D39FDE8}.Release|x86.Build.0 = Release|Win32
	EndGlobalSection
	GlobalSection(SolutionProperties) = preSolution
		HideSolutionNode = FALSE
	EndGlobalSection
	GlobalSection(ExtensibilityGlobals) = postSolution
		SolutionGuid = {31187346-17FD-402D-8598-50869AD978CB}
	EndGlobalSection
EndGlobal
